
Microsoft Visual Studio Solution File, Format Version 12.00
# Visual Studio Version 16
VisualStudioVersion = 16.0.31624.102
MinimumVisualStudioVersion = 10.0.40219.1
Project("{8BC9CEB8-8B4A-11D0-8D11-00A0C91BC942}") = "nullString", "Strings3\Strings3.vcxproj", "{B1494D50-DA1A-46E6-AC43-D35D9AA7B76D}"
EndProject
Project("{8BC9CEB8-8B4A-11D0-8D11-00A0C91BC942}") = "String3", "String3\String3.vcxproj", "{1CEEA106-8F18-4F97-966D-398810A29ECD}"
EndProject
Global
	GlobalSection(SolutionConfigurationPlatforms) = preSolution
		Debug|x64 = Debug|x64
		Debug|x86 = Debug|x86
		Release|x64 = Release|x64
		Release|x86 = Release|x86
	EndGlobalSection
	GlobalSection(ProjectConfigurationPlatforms) = postSolution
		{B1494D50-DA1A-46E6-AC43-D35D9AA7B76D}.Debug|x64.ActiveCfg = Debug|x64
		{B1494D50-DA1A-46E6-AC43-D35D9AA7B76D}.Debug|x64.Build.0 = Debug|x64
		{B1494D50-DA1A-46E6-AC43-D35D9AA7B76D}.Debug|x86.ActiveCfg = Debug|Win32
		{B1494D50-DA1A-46E6-AC43-D35D9AA7B76D}.Debug|x86.Build.0 = Debug|Win32
		{B1494D50-DA1A-46E6-AC43-D35D9AA7B76D}.Release|x64.ActiveCfg = Release|x64
		{B1494D50-DA1A-46E6-AC43-D35D9AA7B76D}.Release|x64.Build.0 = Release|x64
		{B1494D50-DA1A-46E6-AC43-D35D9AA7B76D}.Release|x86.ActiveCfg = Release|Win32
		{B1494D50-DA1A-46E6-AC43-D35D9AA7B76D}.Release|x86.Build.0 = Release|Win32
		{1CEEA106-8F18-4F97-966D-398810A29ECD}.Debug|x64.ActiveCfg = Debug|x64
		{1CEEA106-8F18-4F97-966D-398810A29ECD}.Debug|x64.Build.0 = Debug|x64
		{1CEEA106-8F18-4F97-966D-398810A29ECD}.Debug|x86.ActiveCfg = Debug|Win32
		{1CEEA106-8F18-4F97-966D-398810A29ECD}.Debug|x86.Build.0 = Debug|Win32
		{1CEEA106-8F18-4F97-966D-398810A29ECD}.Release|x64.ActiveCfg = Release|x64
		{1CEEA106-8F18-4F97-966D-398810A29ECD}.Release|x64.Build.0 = Release|x64
		{1CEEA106-8F18-4F97-966D-398810A29ECD}.Release|x86.ActiveCfg = Release|Win32
		{1CEEA106-8F18-4F97-966D-398810A29ECD}.Release|x86.Build.0 = Release|Win32
	EndGlobalSection
	GlobalSection(SolutionProperties) = preSolution
		HideSolutionNode = FALSE
	EndGlobalSection
	GlobalSection(ExtensibilityGlobals) = postSolution
		SolutionGuid = {2D2A3C34-577A-4716-A79E-8550F27B4AB3}
	EndGlobalSection
EndGlobal
